<?xml version="1.0" encoding="utf-8"?>
<Project ToolsVersion="18.0" xmlns="http://schemas.microsoft.com/developer/msbuild/2003">
  <ItemGroup>
    <CustomBuild Include="D:\1.- Personal Proyects\Firmware Walkman\APP\Lyra\simulator\build2\CMakeFiles\31c5efb93a4974748799248a4c1601e7\generate.stamp.rule">
      <Filter>CMake Rules</Filter>
    </CustomBuild>
  </ItemGroup>
  <ItemGroup>
    <Filter Include="CMake Rules">
      <UniqueIdentifier>{0D4A0BE1-D8BF-3A95-96A2-EB3776535F5C}</UniqueIdentifier>
    </Filter>
  </ItemGroup>
</Project>
